
Microsoft Visual Studio Solution File, Format Version 15.00
# Visual Studio 2017
Project("{FAE04EC0-301F-11D3-BF4B-00C04F79EFBC}") = "Database", "Database.csproj", "{09D79572-1687-413D-A5C1-D6F39A00988F}"
EndProject
Global
	GlobalSection(SolutionConfigurationPlatforms) = preSolution
		Debug|Any CPU = Debug|Any CPU
		Release|Any CPU = Release|Any CPU
	EndGlobalSection
	GlobalSection(ProjectConfigurationPlatforms) = postSolution
		{09D79572-1687-413D-A5C1-D6F39A00988F}.Debug|Any CPU.ActiveCfg = Debug|Any CPU
		{09D79572-1687-413D-A5C1-D6F39A00988F}.Debug|Any CPU.Build.0 = Debug|Any CPU
		{09D79572-1687-413D-A5C1-D6F39A00988F}.Release|Any CPU.ActiveCfg = Release|Any CPU
		{09D79572-1687-413D-A5C1-D6F39A00988F}.Release|Any CPU.Build.0 = Release|Any CPU
	EndGlobalSection
EndGlobal
